
Microsoft Visual Studio Solution File, Format Version 12.00
# Visual Studio 15
VisualStudioVersion = 15.0.27130.2003
MinimumVisualStudioVersion = 10.0.40219.1
Project("{FAE04EC0-301F-11D3-BF4B-00C04F79EFBC}") = "SMTool", "WindowsFormsApp1\SMTool.csproj", "{1AE4D7DF-FA31-45B6-A20C-E142D7258799}"
EndProject
Global
	GlobalSection(SolutionConfigurationPlatforms) = preSolution
		Debug|Any CPU = Debug|Any CPU
		Release|Any CPU = Release|Any CPU
	EndGlobalSection
	GlobalSection(ProjectConfigurationPlatforms) = postSolution
		{1AE4D7DF-FA31-45B6-A20C-E142D7258799}.Debug|Any CPU.ActiveCfg = Debug|Any CPU
		{1AE4D7DF-FA31-45B6-A20C-E142D7258799}.Debug|Any CPU.Build.0 = Debug|Any CPU
		{1AE4D7DF-FA31-45B6-A20C-E142D7258799}.Release|Any CPU.ActiveCfg = Release|Any CPU
		{1AE4D7DF-FA31-45B6-A20C-E142D7258799}.Release|Any CPU.Build.0 = Release|Any CPU
	EndGlobalSection
	GlobalSection(SolutionProperties) = preSolution
		HideSolutionNode = FALSE
	EndGlobalSection
	GlobalSection(ExtensibilityGlobals) = postSolution
		SolutionGuid = {30F1E229-6DD5-4ED9-8834-E83181B24A08}
	EndGlobalSection
EndGlobal
